
Microsoft Visual Studio Solution File, Format Version 12.00
# Visual Studio Version 17
VisualStudioVersion = 17.13.35931.197 d17.13
MinimumVisualStudioVersion = 10.0.40219.1
Project("{888888A0-9F3D-457C-B088-3A5042F75D52}") = "halo_lol", "halo_lol.pyproj", "{90C337B1-F582-4583-B693-0DC4A1E0A4D4}"
EndProject
Global
	GlobalSection(SolutionConfigurationPlatforms) = preSolution
		Debug|Any CPU = Debug|Any CPU
		Release|Any CPU = Release|Any CPU
	EndGlobalSection
	GlobalSection(ProjectConfigurationPlatforms) = postSolution
		{90C337B1-F582-4583-B693-0DC4A1E0A4D4}.Debug|Any CPU.ActiveCfg = Debug|Any CPU
		{90C337B1-F582-4583-B693-0DC4A1E0A4D4}.Release|Any CPU.ActiveCfg = Release|Any CPU
	EndGlobalSection
	GlobalSection(SolutionProperties) = preSolution
		HideSolutionNode = FALSE
	EndGlobalSection
	GlobalSection(ExtensibilityGlobals) = postSolution
		SolutionGuid = {B8F49363-F890-495B-847C-B8E7B25915AB}
	EndGlobalSection
EndGlobal
